lockfileVersion: '9.0'

settings:
  autoInstallPeers: true
  excludeLinksFromLockfile: false

importers:

  .:
    devDependencies:
      '@biomejs/biome':
        specifier: ^1.9.4
        version: 1.9.4
      '@rslib/core':
        specifier: ^0.11.0
        version: 0.11.0(typescript@5.9.2)
      '@rstest/core':
        specifier: 0.0.10
        version: 0.0.10
      '@types/node':
        specifier: ^22.17.0
        version: 22.17.0
      nano-staged:
        specifier: ^0.8.0
        version: 0.8.0
      simple-git-hooks:
        specifier: ^2.13.1
        version: 2.13.1
      typescript:
        specifier: ^5.9.2
        version: 5.9.2

packages:

  '@ast-grep/napi-darwin-arm64@0.37.0':
    resolution: {integrity: sha512-QAiIiaAbLvMEg/yBbyKn+p1gX2/FuaC0SMf7D7capm/oG4xGMzdeaQIcSosF4TCxxV+hIH4Bz9e4/u7w6Bnk3Q==}
    engines: {node: '>= 10'}
    cpu: [arm64]
    os: [darwin]

  '@ast-grep/napi-darwin-x64@0.37.0':
    resolution: {integrity: sha512-zvcvdgekd4ySV3zUbUp8HF5nk5zqwiMXTuVzTUdl/w08O7JjM6XPOIVT+d2o/MqwM9rsXdzdergY5oY2RdhSPA==}
    engines: {node: '>= 10'}
    cpu: [x64]
    os: [darwin]

  '@ast-grep/napi-linux-arm64-gnu@0.37.0':
    resolution: {integrity: sha512-L7Sj0lXy8X+BqSMgr1LB8cCoWk0rericdeu+dC8/c8zpsav5Oo2IQKY1PmiZ7H8IHoFBbURLf8iklY9wsD+cyA==}
    engines: {node: '>= 10'}
    cpu: [arm64]
    os: [linux]

  '@ast-grep/napi-linux-arm64-musl@0.37.0':
    resolution: {integrity: sha512-LF9sAvYy6es/OdyJDO3RwkX3I82Vkfsng1sqUBcoWC1jVb1wX5YVzHtpQox9JrEhGl+bNp7FYxB4Qba9OdA5GA==}
    engines: {node: '>= 10'}
    cpu: [arm64]
    os: [linux]

  '@ast-grep/napi-linux-x64-gnu@0.37.0':
    resolution: {integrity: sha512-TViz5/klqre6aSmJzswEIjApnGjJzstG/SE8VDWsrftMBMYt2PTu3MeluZVwzSqDao8doT/P+6U11dU05UOgxw==}
    engines: {node: '>= 10'}
    cpu: [x64]
    os: [linux]

  '@ast-grep/napi-linux-x64-musl@0.37.0':
    resolution: {integrity: sha512-/BcCH33S9E3ovOAEoxYngUNXgb+JLg991sdyiNP2bSoYd30a9RHrG7CYwW6fMgua3ijQ474eV6cq9yZO1bCpXg==}
    engines: {node: '>= 10'}
    cpu: [x64]
    os: [linux]

  '@ast-grep/napi-win32-arm64-msvc@0.37.0':
    resolution: {integrity: sha512-TjQA4cFoIEW2bgjLkaL9yqT4XWuuLa5MCNd0VCDhGRDMNQ9+rhwi9eLOWRaap3xzT7g+nlbcEHL3AkVCD2+b3A==}
    engines: {node: '>= 10'}
    cpu: [arm64]
    os: [win32]

  '@ast-grep/napi-win32-ia32-msvc@0.37.0':
    resolution: {integrity: sha512-uNmVka8fJCdYsyOlF9aZqQMLTatEYBynjChVTzUfFMDfmZ0bihs/YTqJVbkSm8TZM7CUX82apvn50z/dX5iWRA==}
    engines: {node: '>= 10'}
    cpu: [ia32]
    os: [win32]

  '@ast-grep/napi-win32-x64-msvc@0.37.0':
    resolution: {integrity: sha512-vCiFOT3hSCQuHHfZ933GAwnPzmL0G04JxQEsBRfqONywyT8bSdDc/ECpAfr3S9VcS4JZ9/F6tkePKW/Om2Dq2g==}
    engines: {node: '>= 10'}
    cpu: [x64]
    os: [win32]

  '@ast-grep/napi@0.37.0':
    resolution: {integrity: sha512-Hb4o6h1Pf6yRUAX07DR4JVY7dmQw+RVQMW5/m55GoiAT/VRoKCWBtIUPPOnqDVhbx1Cjfil9b6EDrgJsUAujEQ==}
    engines: {node: '>= 10'}

  '@biomejs/biome@1.9.4':
    resolution: {integrity: sha512-1rkd7G70+o9KkTn5KLmDYXihGoTaIGO9PIIN2ZB7UJxFrWw04CZHPYiMRjYsaDvVV7hP1dYNRLxSANLaBFGpog==}
    engines: {node: '>=14.21.3'}
    hasBin: true

  '@biomejs/cli-darwin-arm64@1.9.4':
    resolution: {integrity: sha512-bFBsPWrNvkdKrNCYeAp+xo2HecOGPAy9WyNyB/jKnnedgzl4W4Hb9ZMzYNbf8dMCGmUdSavlYHiR01QaYR58cw==}
    engines: {node: '>=14.21.3'}
    cpu: [arm64]
    os: [darwin]

  '@biomejs/cli-darwin-x64@1.9.4':
    resolution: {integrity: sha512-ngYBh/+bEedqkSevPVhLP4QfVPCpb+4BBe2p7Xs32dBgs7rh9nY2AIYUL6BgLw1JVXV8GlpKmb/hNiuIxfPfZg==}
    engines: {node: '>=14.21.3'}
    cpu: [x64]
    os: [darwin]

  '@biomejs/cli-linux-arm64-musl@1.9.4':
    resolution: {integrity: sha512-v665Ct9WCRjGa8+kTr0CzApU0+XXtRgwmzIf1SeKSGAv+2scAlW6JR5PMFo6FzqqZ64Po79cKODKf3/AAmECqA==}
    engines: {node: '>=14.21.3'}
    cpu: [arm64]
    os: [linux]

  '@biomejs/cli-linux-arm64@1.9.4':
    resolution: {integrity: sha512-fJIW0+LYujdjUgJJuwesP4EjIBl/N/TcOX3IvIHJQNsAqvV2CHIogsmA94BPG6jZATS4Hi+xv4SkBBQSt1N4/g==}
    engines: {node: '>=14.21.3'}
    cpu: [arm64]
    os: [linux]

  '@biomejs/cli-linux-x64-musl@1.9.4':
    resolution: {integrity: sha512-gEhi/jSBhZ2m6wjV530Yy8+fNqG8PAinM3oV7CyO+6c3CEh16Eizm21uHVsyVBEB6RIM8JHIl6AGYCv6Q6Q9Tg==}
    engines: {node: '>=14.21.3'}
    cpu: [x64]
    os: [linux]

  '@biomejs/cli-linux-x64@1.9.4':
    resolution: {integrity: sha512-lRCJv/Vi3Vlwmbd6K+oQ0KhLHMAysN8lXoCI7XeHlxaajk06u7G+UsFSO01NAs5iYuWKmVZjmiOzJ0OJmGsMwg==}
    engines: {node: '>=14.21.3'}
    cpu: [x64]
    os: [linux]

  '@biomejs/cli-win32-arm64@1.9.4':
    resolution: {integrity: sha512-tlbhLk+WXZmgwoIKwHIHEBZUwxml7bRJgk0X2sPyNR3S93cdRq6XulAZRQJ17FYGGzWne0fgrXBKpl7l4M87Hg==}
    engines: {node: '>=14.21.3'}
    cpu: [arm64]
    os: [win32]

  '@biomejs/cli-win32-x64@1.9.4':
    resolution: {integrity: sha512-8Y5wMhVIPaWe6jw2H+KlEm4wP/f7EW3810ZLmDlrEEy5KvBsb9ECEfu/kMWD484ijfQ8+nIi0giMgu9g1UAuuA==}
    engines: {node: '>=14.21.3'}
    cpu: [x64]
    os: [win32]

  '@emnapi/core@1.4.5':
    resolution: {integrity: sha512-XsLw1dEOpkSX/WucdqUhPWP7hDxSvZiY+fsUC14h+FtQ2Ifni4znbBt8punRX+Uj2JG/uDb8nEHVKvrVlvdZ5Q==}

  '@emnapi/runtime@1.4.5':
    resolution: {integrity: sha512-++LApOtY0pEEz1zrd9vy1/zXVaVJJ/EbAF3u0fXIzPJEDtnITsBGbbK0EkM72amhl/R5b+5xx0Y/QhcVOpuulg==}

  '@emnapi/wasi-threads@1.0.4':
    resolution: {integrity: sha512-PJR+bOmMOPH8AtcTGAyYNiuJ3/Fcoj2XN/gBEWzDIKh254XO+mM9XoXHk5GNEhodxeMznbg7BlRojVbKN+gC6g==}

  '@jridgewell/sourcemap-codec@1.5.0':
    resolution: {integrity: sha512-gv3ZRaISU3fjPAgNsriBRqGWQL6quFx04YMPW/zD8XMLsU32mhCCbfbO6KZFLjvYpCZ8zyDEgqsgf+PwPaM7GQ==}

  '@module-federation/error-codes@0.17.0':
    resolution: {integrity: sha512-+pZ12frhaDqh4Xs/MQj4Vu4CAjnJTiEb8Z6fqPfn/TLHh4YLWMOzpzxGuMFDHqXwMb3o8FRAUhNB0eX2ZmhwTA==}

  '@module-federation/error-codes@0.17.1':
    resolution: {integrity: sha512-n6Elm4qKSjwAPxLUGtwnl7qt4y1dxB8OpSgVvXBIzqI9p27a3ZXshLPLnumlpPg1Qudaj8sLnSnFtt9yGpt5yQ==}

  '@module-federation/runtime-core@0.17.0':
    resolution: {integrity: sha512-MYwDDevYnBB9gXFfNOmJVIX5XZcbCHd0dral7gT7yVmlwOhbuGOLlm2dh2icwwdCYHA9AFDCfU9l1nJR4ex/ng==}

  '@module-federation/runtime-core@0.17.1':
    resolution: {integrity: sha512-LCtIFuKgWPQ3E+13OyrVpuTPOWBMI/Ggwsq1Q874YeT8Px28b8tJRCj09DjyRFyhpSPyV/uG80T6iXPAUoLIfQ==}

  '@module-federation/runtime-tools@0.17.0':
    resolution: {integrity: sha512-t4QcKfhmwOHedwByDKUlTQVw4+gPotySYPyNa8GFrBSr1F6wcGdGyOhzP+PdgpiJLIM03cB6V+IKGGHE28SfDQ==}

  '@module-federation/runtime-tools@0.17.1':
    resolution: {integrity: sha512-4kr6zTFFwGywJx6whBtxsc84V+COAuuBpEdEbPZN//YLXhNB0iz2IGsy9r9wDl+06h84bD+3dQ05l9euRLgXzQ==}

  '@module-federation/runtime@0.17.0':
    resolution: {integrity: sha512-eMtrtCSSV6neJpMmQ8WdFpYv93raSgsG5RiAPsKUuSCXfZ5D+yzvleZ+gPcEpFT9HokmloxAn0jep50/1upTQw==}

  '@module-federation/runtime@0.17.1':
    resolution: {integrity: sha512-vKEN32MvUbpeuB/s6UXfkHDZ9N5jFyDDJnj83UTJ8n4N1jHIJu9VZ6Yi4/Ac8cfdvU8UIK9bIbfVXWbUYZUDsw==}

  '@module-federation/sdk@0.17.0':
    resolution: {integrity: sha512-tjrNaYdDocHZsWu5iXlm83lwEK8A64r4PQB3/kY1cW1iOvggR2RESLAWPxRJXC2cLF8fg8LDKOBdgERZW1HPFA==}

  '@module-federation/sdk@0.17.1':
    resolution: {integrity: sha512-nlUcN6UTEi+3HWF+k8wPy7gH0yUOmCT+xNatihkIVR9REAnr7BUvHFGlPJmx7WEbLPL46+zJUbtQHvLzXwFhng==}

  '@module-federation/webpack-bundler-runtime@0.17.0':
    resolution: {integrity: sha512-o8XtXwqTDlqLgcALOfObcCbqXvUcSDHIEXrkcb4W+I8GJY7IqV0+x6rX4mJ3f59tca9qOF8zsZsOA6BU93Pvgw==}

  '@module-federation/webpack-bundler-runtime@0.17.1':
    resolution: {integrity: sha512-Swspdgf4PzcbvS9SNKFlBzfq8h/Qxwqjq/xRSqw1pqAZWondZQzwTTqPXhgrg0bFlz7qWjBS/6a8KuH/gRvGaQ==}

  '@napi-rs/wasm-runtime@1.0.1':
    resolution: {integrity: sha512-KVlQ/jgywZpixGCKMNwxStmmbYEMyokZpCf2YuIChhfJA2uqfAKNEM8INz7zzTo55iEXfBhIIs3VqYyqzDLj8g==}

  '@rsbuild/core@1.4.12':
    resolution: {integrity: sha512-9IDAwZH8OVdq3ZUbh8IyOpwWxOU/67gD+UbSlvGschjhjMqhlLZ7hvsEqi8xfuPvgV0AhKXBZ4Ui1CN9pp1Hqg==}
    engines: {node: '>=16.10.0'}
    hasBin: true

  '@rsbuild/core@1.4.9':
    resolution: {integrity: sha512-LvF0YQ2IQf6ddDQQCkWxgPxHJFrZT8bvwwsHYo8K9g8KJTlrrstMV85lU3DROaH5tm98jN3zYZIOCbqQzklx5g==}
    engines: {node: '>=16.10.0'}
    hasBin: true

  '@rslib/core@0.11.0':
    resolution: {integrity: sha512-ku5Qs3sSBZSmUVRQHM0JG2ZHXmw7aGvxmf0fseUjYWCAWzuBvTeXcthO2eCYKlYvYOIZBQH4QO1eVgz6fWfPkw==}
    engines: {node: '>=16.7.0'}
    hasBin: true
    peerDependencies:
      '@microsoft/api-extractor': ^7
      typescript: ^5
    peerDependenciesMeta:
      '@microsoft/api-extractor':
        optional: true
      typescript:
        optional: true

  '@rspack/binding-darwin-arm64@1.4.11':
    resolution: {integrity: sha512-PrmBVhR8MC269jo6uQ+BMy1uwIDx0HAJYLQRQur8gXiehWabUBCRg/d4U9KR7rLzdaSScRyc5JWXR52T7/4MfA==}
    cpu: [arm64]
    os: [darwin]

  '@rspack/binding-darwin-arm64@1.4.9':
    resolution: {integrity: sha512-P0O10aXEaLLrwKXK7muSXl64wGJsLGbJEE97zeFe0mFVFo44m3iVC+KVpRpBFBrXhnL1ylCYsu2mS/dTJ+970g==}
    cpu: [arm64]
    os: [darwin]

  '@rspack/binding-darwin-x64@1.4.11':
    resolution: {integrity: sha512-YIV8Wzy+JY0SoSsVtN4wxFXOjzxxVPnVXNswrrfqVUTPr9jqGOFYUWCGpbt8lcCgfuBFm6zN8HpOsKm1xUNsVA==}
    cpu: [x64]
    os: [darwin]

  '@rspack/binding-darwin-x64@1.4.9':
    resolution: {integrity: sha512-eCbjVEkrSpFzLYye8Xd3SJgoaJ+GXCEVXJNLIqqt+BwxAknuVcHOHWFtppCw5/FcPWZkB03fWMah7aW8/ZqDyg==}
    cpu: [x64]
    os: [darwin]

  '@rspack/binding-linux-arm64-gnu@1.4.11':
    resolution: {integrity: sha512-ms6uwECUIcu+6e82C5HJhRMHnfsI+l33v7XQezntzRPN0+sG3EpikEoT7SGbgt4vDwaWLR7wS20suN4qd5r3GA==}
    cpu: [arm64]
    os: [linux]

  '@rspack/binding-linux-arm64-gnu@1.4.9':
    resolution: {integrity: sha512-OTsco8WagOax9o6W66i//GjgrjhNFFOXhcS/vl81t7Hx5APEpEXX+pnccirH0e67Gs5sNlm/uLVS1cyA/B77Sg==}
    cpu: [arm64]
    os: [linux]

  '@rspack/binding-linux-arm64-musl@1.4.11':
    resolution: {integrity: sha512-9evq0DOdxMN/H8VM8ZmyY9NSuBgILNVV6ydBfVPMHPx4r1E7JZGpWeKDegZcS5Erw3sS9kVSIxyX78L5PDzzKw==}
    cpu: [arm64]
    os: [linux]

  '@rspack/binding-linux-arm64-musl@1.4.9':
    resolution: {integrity: sha512-vxnh8TwTX5tquZz8naGd1NIBOESyKAPRemHZUWfAnK1p4WzM+dbTkGeIU7Z1fUzF/AXEbdRQ/omWlvp5nCOOZA==}
    cpu: [arm64]
    os: [linux]

  '@rspack/binding-linux-x64-gnu@1.4.11':
    resolution: {integrity: sha512-bHYFLxPPYBOSaHdQbEoCYGMQ1gOrEWj7Mro/DLfSHZi1a0okcQ2Q1y0i1DczReim3ZhLGNrK7k1IpFXCRbAobQ==}
    cpu: [x64]
    os: [linux]

  '@rspack/binding-linux-x64-gnu@1.4.9':
    resolution: {integrity: sha512-MitSilaS23e7EPNqYT9PEr2Zomc51GZSaCRCXscNOica5V/oAVBcEMUFbrNoD4ugohDXM68RvK0kVyFmfYuW+Q==}
    cpu: [x64]
    os: [linux]

  '@rspack/binding-linux-x64-musl@1.4.11':
    resolution: {integrity: sha512-wrm4E7q2k4+cwT6Uhp6hIQ3eUe/YoaUttj6j5TqHYZX6YeLrNPtD9+ne6lQQ17BV8wmm6NZsmoFIJ5xIptpRhQ==}
    cpu: [x64]
    os: [linux]

  '@rspack/binding-linux-x64-musl@1.4.9':
    resolution: {integrity: sha512-fdBLz3RPvEEaz91IHXP4pMDNh9Nfl6nkYDmmLBJRu4yHi97j1BEeymrq3lKssy/1kDR70t6T47ZjfRJIgM6nYg==}
    cpu: [x64]
    os: [linux]

  '@rspack/binding-wasm32-wasi@1.4.11':
    resolution: {integrity: sha512-hiYxHZjaZ17wQtXyLCK0IdtOvMWreGVTiGsaHCxyeT+SldDG+r16bXNjmlqfZsjlfl1mkAqKz1dg+mMX28OTqw==}
    cpu: [wasm32]

  '@rspack/binding-wasm32-wasi@1.4.9':
    resolution: {integrity: sha512-yWd5llZHBCsA0S5W0UGuXdQQ5zkZC4PQbOQS7XiblBII9RIMZZKJV/3AsYAHUeskTBPnwYMQsm8QCV52BNAE9A==}
    cpu: [wasm32]

  '@rspack/binding-win32-arm64-msvc@1.4.11':
    resolution: {integrity: sha512-+HF/mnjmTr8PC1dccRt1bkrD2tPDGeqvXC1BBLYd/Klq1VbtIcnrhfmvQM6KaXbiLcY9VWKzcZPOTmnyZ8TaHQ==}
    cpu: [arm64]
    os: [win32]

  '@rspack/binding-win32-arm64-msvc@1.4.9':
    resolution: {integrity: sha512-3+oG19ye2xOmVGGKHao0EXmvPaiGvaFnxJRQ6tc6T7MSxhOvvDhQ1zmx+9X/wXKv/iytAHXMuoLGLHwdGd7GJg==}
    cpu: [arm64]
    os: [win32]

  '@rspack/binding-win32-ia32-msvc@1.4.11':
    resolution: {integrity: sha512-EU2fQGwrRfwFd/tcOInlD0jy6gNQE4Q3Ayj0Is+cX77sbhPPyyOz0kZDEaQ4qaN2VU8w4Hu/rrD7c0GAKLFvCw==}
    cpu: [ia32]
    os: [win32]

  '@rspack/binding-win32-ia32-msvc@1.4.9':
    resolution: {integrity: sha512-l9K68LNP2j2QnCFYz17Rea7wdk04m4jnGB6CyRrS0iuanTn+Hvz3wgAn1fqADJxE4dtX+wNbTPOWJr0SrVHccw==}
    cpu: [ia32]
    os: [win32]

  '@rspack/binding-win32-x64-msvc@1.4.11':
    resolution: {integrity: sha512-1Nc5ZzWqfvE+iJc47qtHFzYYnHsC3awavXrCo74GdGip1vxtksM3G30BlvAQHHVtEmULotWqPbjZpflw/Xk9Ag==}
    cpu: [x64]
    os: [win32]

  '@rspack/binding-win32-x64-msvc@1.4.9':
    resolution: {integrity: sha512-2i4+/E5HjqobNBA86DuqQfqw6mW/jsHGUzUfgwKEKW8I6wLU0Gz7dUcz0fExvr8W5I8f/ccOfqR2bPGnxJ8vNw==}
    cpu: [x64]
    os: [win32]

  '@rspack/binding@1.4.11':
    resolution: {integrity: sha512-maGl/zRwnl0QVwkBCkgjn5PH20L9HdlRIdkYhEsfTepy5x2QZ0ti/0T49djjTJQrqb+S1i6wWQymMMMMMsxx6Q==}

  '@rspack/binding@1.4.9':
    resolution: {integrity: sha512-9EY8OMCNZrwCupQMZccMgrTxWGUQvZGFrLFw/rxfTt+uT4fS4CAbNwHVFxsnROaRd+EE6EXfUpUYu66j6vd4qA==}

  '@rspack/core@1.4.11':
    resolution: {integrity: sha512-JtKnL6p7Kc/YgWQJF3Woo4OccbgKGyT/4187W4dyex8BMkdQcbqCNIdi6dFk02hwQzxpOOxRSBI4hlGRbz7oYQ==}
    engines: {node: '>=16.0.0'}
    peerDependencies:
      '@swc/helpers': '>=0.5.1'
    peerDependenciesMeta:
      '@swc/helpers':
        optional: true

  '@rspack/core@1.4.9':
    resolution: {integrity: sha512-fHEGOzVcyESVfprFTqgeJ7vAnmkmY/nbljaeGsJY4zLmROmkbGTh4xgLEY3O5nEukLfEFbdLapvBqYb5tE/fmA==}
    engines: {node: '>=16.0.0'}
    peerDependencies:
      '@swc/helpers': '>=0.5.1'
    peerDependenciesMeta:
      '@swc/helpers':
        optional: true

  '@rspack/lite-tapable@1.0.1':
    resolution: {integrity: sha512-VynGOEsVw2s8TAlLf/uESfrgfrq2+rcXB1muPJYBWbsm1Oa6r5qVQhjA5ggM6z/coYPrsVMgovl3Ff7Q7OCp1w==}
    engines: {node: '>=16.0.0'}

  '@rstest/core@0.0.10':
    resolution: {integrity: sha512-ytJ9LTCWARtBbt/+4RLV/lRgPCoXto0pazQ5lRdtv6M2gUvCZnIJKW2J2ioqQaVv0LXn5gqCCopoQYYFFE7eBQ==}
    engines: {node: '>=18.0.0'}
    hasBin: true
    peerDependencies:
      happy-dom: '*'
      jsdom: '*'
    peerDependenciesMeta:
      happy-dom:
        optional: true
      jsdom:
        optional: true

  '@swc/helpers@0.5.17':
    resolution: {integrity: sha512-5IKx/Y13RsYd+sauPb2x+U/xZikHjolzfuDgTAl/Tdf3Q8rslRvC19NKDLgAJQ6wsqADk10ntlv08nPFw/gO/A==}

  '@tybys/wasm-util@0.10.0':
    resolution: {integrity: sha512-VyyPYFlOMNylG45GoAe0xDoLwWuowvf92F9kySqzYh8vmYm7D2u4iUJKa1tOUpS70Ku13ASrOkS4ScXFsTaCNQ==}

  '@types/chai@5.2.2':
    resolution: {integrity: sha512-8kB30R7Hwqf40JPiKhVzodJs2Qc1ZJ5zuT3uzw5Hq/dhNCl3G3l83jfpdI1e20BP348+fV7VIL/+FxaXkqBmWg==}

  '@types/deep-eql@4.0.2':
    resolution: {integrity: sha512-c9h9dVVMigMPc4bwTvC5dxqtqJZwQPePsWjPlpSOnojbor6pGqdk541lfA7AqFQr5pB1BRdq0juY9db81BwyFw==}

  '@types/node@22.17.0':
    resolution: {integrity: sha512-bbAKTCqX5aNVryi7qXVMi+OkB3w/OyblodicMbvE38blyAz7GxXf6XYhklokijuPwwVg9sDLKRxt0ZHXQwZVfQ==}

  '@vitest/expect@3.2.4':
    resolution: {integrity: sha512-Io0yyORnB6sikFlt8QW5K7slY4OjqNX9jmJQ02QDda8lyM6B5oNgVWoSoKPac8/kgnCUzuHQKrSLtu/uOqqrig==}

  '@vitest/pretty-format@3.2.4':
    resolution: {integrity: sha512-IVNZik8IVRJRTr9fxlitMKeJeXFFFN0JaB9PHPGQ8NKQbGpfjlTx9zO4RefN8gp7eqjNy8nyK3NZmBzOPeIxtA==}

  '@vitest/snapshot@3.2.4':
    resolution: {integrity: sha512-dEYtS7qQP2CjU27QBC5oUOxLE/v5eLkGqPE0ZKEIDGMs4vKWe7IjgLOeauHsR0D5YuuycGRO5oSRXnwnmA78fQ==}

  '@vitest/spy@3.2.4':
    resolution: {integrity: sha512-vAfasCOe6AIK70iP5UD11Ac4siNUNJ9i/9PZ3NKx07sG6sUxeag1LWdNrMWeKKYBLlzuK+Gn65Yd5nyL6ds+nw==}

  '@vitest/utils@3.2.4':
    resolution: {integrity: sha512-fB2V0JFrQSMsCo9HiSq3Ezpdv4iYaXRG1Sx8edX3MwxfyNn83mKiGzOcH+Fkxt4MHxr3y42fQi1oeAInqgX2QA==}

  assertion-error@2.0.1:
    resolution: {integrity: sha512-Izi8RQcffqCeNVgFigKli1ssklIbpHnCYc6AknXGYoB6grJqyeby7jv12JUQgmTAnIDnbck1uxksT4dzN3PWBA==}
    engines: {node: '>=12'}

  birpc@2.5.0:
    resolution: {integrity: sha512-VSWO/W6nNQdyP520F1mhf+Lc2f8pjGQOtoHHm7Ze8Go1kX7akpVIrtTa0fn+HB0QJEDVacl6aO08YE0PgXfdnQ==}

  chai@5.2.1:
    resolution: {integrity: sha512-5nFxhUrX0PqtyogoYOA8IPswy5sZFTOsBFl/9bNsmDLgsxYTzSZQJDPppDnZPTQbzSEm0hqGjWPzRemQCYbD6A==}
    engines: {node: '>=18'}

  check-error@2.1.1:
    resolution: {integrity: sha512-OAlb+T7V4Op9OwdkjmguYRqncdlx5JiofwOAUkmTF+jNdHwzTaTs4sRAGpzLF3oOz5xAyDGrPgeIDFQmDOTiJw==}
    engines: {node: '>= 16'}

  core-js@3.44.0:
    resolution: {integrity: sha512-aFCtd4l6GvAXwVEh3XbbVqJGHDJt0OZRa+5ePGx3LLwi12WfexqQxcsohb2wgsa/92xtl19Hd66G/L+TaAxDMw==}

  deep-eql@5.0.2:
    resolution: {integrity: sha512-h5k/5U50IJJFpzfL6nO9jaaumfjO/f2NjK/oYB2Djzm4p9L+3T9qWpZqZ2hAbLPuuYq9wrU08WQyBTL5GbPk5Q==}
    engines: {node: '>=6'}

  fdir@6.4.4:
    resolution: {integrity: sha512-1NZP+GK4GfuAv3PqKvxQRDMjdSRZjnkq7KfhlNrCNNlZ0ygQFpebfrnfnq/W7fpUnAv9aGWmY1zKx7FYL3gwhg==}
    peerDependencies:
      picomatch: ^3 || ^4
    peerDependenciesMeta:
      picomatch:
        optional: true

  jiti@2.4.2:
    resolution: {integrity: sha512-rg9zJN+G4n2nfJl5MW3BMygZX56zKPNVEYYqq7adpmMh4Jn2QNEwhvQlFy6jPVdcod7txZtKHWnyZiA3a0zP7A==}
    hasBin: true

  jiti@2.5.1:
    resolution: {integrity: sha512-twQoecYPiVA5K/h6SxtORw/Bs3ar+mLUtoPSc7iMXzQzK8d7eJ/R09wmTwAjiamETn1cXYPGfNnu7DMoHgu12w==}
    hasBin: true

  json5@2.2.3:
    resolution: {integrity: sha512-XmOWe7eyHYH14cLdVPoyg+GOH3rYX++KpzrylJwSW98t3Nk+U8XOl8FWKOgwtzdb8lXGf6zYwDUzeHMWfxasyg==}
    engines: {node: '>=6'}
    hasBin: true

  loupe@3.1.4:
    resolution: {integrity: sha512-wJzkKwJrheKtknCOKNEtDK4iqg/MxmZheEMtSTYvnzRdEYaZzmgH976nenp8WdJRdx5Vc1X/9MO0Oszl6ezeXg==}

  magic-string@0.30.17:
    resolution: {integrity: sha512-sNPKHvyjVf7gyjwS4xGTaW/mCnF8wnjtifKBEhxfZ7E/S8tQ0rssrwGNn6q8JH/ohItJfSQp9mBtQYuTlH5QnA==}

  minimist@1.2.8:
    resolution: {integrity: sha512-2yyAR8qBkN3YuheJanUpWC5U3bb5osDywNB8RzDVlDwDHbocAJveqqj1u8+SVD7jkWT4yvsHCpWqqWqAxb0zCA==}

  nano-staged@0.8.0:
    resolution: {integrity: sha512-QSEqPGTCJbkHU2yLvfY6huqYPjdBrOaTMKatO1F8nCSrkQGXeKwtCiCnsdxnuMhbg3DTVywKaeWLGCE5oJpq0g==}
    engines: {node: ^12.20.0 || ^14.13.1 || >=16.0.0}
    hasBin: true

  pathe@2.0.3:
    resolution: {integrity: sha512-WUjGcAqP1gQacoQe+OBJsFA7Ld4DyXuUIjZ5cc75cLHvJ7dtNsTugphxIADwspS+AraAUePCKrSVtPLFj/F88w==}

  pathval@2.0.0:
    resolution: {integrity: sha512-vE7JKRyES09KiunauX7nd2Q9/L7lhok4smP9RZTDeD4MVs72Dp2qNFVz39Nz5a0FVEW0BJR6C0DYrq6unoziZA==}
    engines: {node: '>= 14.16'}

  picocolors@1.0.0:
    resolution: {integrity: sha512-1fygroTLlHu66zi26VoTDv8yRgm0Fccecssto+MhsZ0D/DGW2sm8E8AjW7NU5VVTRt5GxbeZ5qBuJr+HyLYkjQ==}

  picocolors@1.1.1:
    resolution: {integrity: sha512-xceH2snhtb5M9liqDsmEw56le376mTZkEX/jEb/RxNFyegNul7eNslCXP9FDj/Lcu0X8KEyMceP2ntpaHrDEVA==}

  picomatch@4.0.2:
    resolution: {integrity: sha512-M7BAV6Rlcy5u+m6oPhAPFgJTzAioX/6B0DxyvDlo9l8+T3nLKbrczg2WLUyzd45L8RqfUMyGPzekbMvX2Ldkwg==}
    engines: {node: '>=12'}

  rsbuild-plugin-dts@0.11.0:
    resolution: {integrity: sha512-z2ltq3wgHL622Q0b2r/6QKRY6sAzkgP5xnyOtOuYfVyKyrlw/R/ES7x4/3dsYWPVt1rTuIebxX6zMfBwKQRIzw==}
    engines: {node: '>=16.7.0'}
    peerDependencies:
      '@microsoft/api-extractor': ^7
      '@rsbuild/core': 1.x
      typescript: ^5
    peerDependenciesMeta:
      '@microsoft/api-extractor':
        optional: true
      typescript:
        optional: true

  simple-git-hooks@2.13.1:
    resolution: {integrity: sha512-WszCLXwT4h2k1ufIXAgsbiTOazqqevFCIncOuUBZJ91DdvWcC5+OFkluWRQPrcuSYd8fjq+o2y1QfWqYMoAToQ==}
    hasBin: true

  std-env@3.9.0:
    resolution: {integrity: sha512-UGvjygr6F6tpH7o2qyqR6QYpwraIjKSdtzyBdyytFOHmPZY917kwdwLG0RbOjWOnKmnm3PeHjaoLLMie7kPLQw==}

  strip-bom@3.0.0:
    resolution: {integrity: sha512-vavAMRXOgBVNF6nyEEmL3DBK19iRpDcoIwW+swQ+CbGiu7lju6t+JklA1MHweoWtadgt4ISVUsXLyDq34ddcwA==}
    engines: {node: '>=4'}

  tinyglobby@0.2.14:
    resolution: {integrity: sha512-tX5e7OM1HnYr2+a2C/4V0htOcSQcoSTH9KgJnVvNm5zm/cyEWKJ7j7YutsH9CxMdtOkkLFy2AHrMci9IM8IPZQ==}
    engines: {node: '>=12.0.0'}

  tinypool@1.1.1:
    resolution: {integrity: sha512-Zba82s87IFq9A9XmjiX5uZA/ARWDrB03OHlq+Vw1fSdt0I+4/Kutwy8BP4Y/y/aORMo61FQ0vIb5j44vSo5Pkg==}
    engines: {node: ^18.0.0 || >=20.0.0}

  tinyrainbow@2.0.0:
    resolution: {integrity: sha512-op4nsTR47R6p0vMUUoYl/a+ljLFVtlfaXkLQmqfLR1qHma1h/ysYk4hEXZ880bf2CYgTskvTa/e196Vd5dDQXw==}
    engines: {node: '>=14.0.0'}

  tinyspy@4.0.3:
    resolution: {integrity: sha512-t2T/WLB2WRgZ9EpE4jgPJ9w+i66UZfDc8wHh0xrwiRNN+UwH98GIJkTeZqX9rg0i0ptwzqW+uYeIF0T4F8LR7A==}
    engines: {node: '>=14.0.0'}

  tsconfig-paths@4.2.0:
    resolution: {integrity: sha512-NoZ4roiN7LnbKn9QqE1amc9DJfzvZXxF4xDavcOWt1BPkdx+m+0gJuPM+S0vCe7zTJMYUP0R8pO2XMr+Y8oLIg==}
    engines: {node: '>=6'}

  tslib@2.8.1:
    resolution: {integrity: sha512-oJFu94HQb+KVduSUQL7wnpmqnfmLsOA/nAh6b6EH0wCEoK0/mPeXU6c3wKDV83MkOuHPRHtSXKKU99IBazS/2w==}

  typescript@5.9.2:
    resolution: {integrity: sha512-CWBzXQrc/qOkhidw1OzBTQuYRbfyxDXJMVJ1XNwUHGROVmuaeiEm3OslpZ1RV96d7SKKjZKrSJu3+t/xlw3R9A==}
    engines: {node: '>=14.17'}
    hasBin: true

  undici-types@6.21.0:
    resolution: {integrity: sha512-iwDZqg0QAGrg9Rav5H4n0M64c3mkR59cJ6wQp+7C4nI0gsmExaedaYLNO44eT4AtBBwjbTiGPMlt2Md0T9H9JQ==}

snapshots:

  '@ast-grep/napi-darwin-arm64@0.37.0':
    optional: true

  '@ast-grep/napi-darwin-x64@0.37.0':
    optional: true

  '@ast-grep/napi-linux-arm64-gnu@0.37.0':
    optional: true

  '@ast-grep/napi-linux-arm64-musl@0.37.0':
    optional: true

  '@ast-grep/napi-linux-x64-gnu@0.37.0':
    optional: true

  '@ast-grep/napi-linux-x64-musl@0.37.0':
    optional: true

  '@ast-grep/napi-win32-arm64-msvc@0.37.0':
    optional: true

  '@ast-grep/napi-win32-ia32-msvc@0.37.0':
    optional: true

  '@ast-grep/napi-win32-x64-msvc@0.37.0':
    optional: true

  '@ast-grep/napi@0.37.0':
    optionalDependencies:
      '@ast-grep/napi-darwin-arm64': 0.37.0
      '@ast-grep/napi-darwin-x64': 0.37.0
      '@ast-grep/napi-linux-arm64-gnu': 0.37.0
      '@ast-grep/napi-linux-arm64-musl': 0.37.0
      '@ast-grep/napi-linux-x64-gnu': 0.37.0
      '@ast-grep/napi-linux-x64-musl': 0.37.0
      '@ast-grep/napi-win32-arm64-msvc': 0.37.0
      '@ast-grep/napi-win32-ia32-msvc': 0.37.0
      '@ast-grep/napi-win32-x64-msvc': 0.37.0

  '@biomejs/biome@1.9.4':
    optionalDependencies:
      '@biomejs/cli-darwin-arm64': 1.9.4
      '@biomejs/cli-darwin-x64': 1.9.4
      '@biomejs/cli-linux-arm64': 1.9.4
      '@biomejs/cli-linux-arm64-musl': 1.9.4
      '@biomejs/cli-linux-x64': 1.9.4
      '@biomejs/cli-linux-x64-musl': 1.9.4
      '@biomejs/cli-win32-arm64': 1.9.4
      '@biomejs/cli-win32-x64': 1.9.4

  '@biomejs/cli-darwin-arm64@1.9.4':
    optional: true

  '@biomejs/cli-darwin-x64@1.9.4':
    optional: true

  '@biomejs/cli-linux-arm64-musl@1.9.4':
    optional: true

  '@biomejs/cli-linux-arm64@1.9.4':
    optional: true

  '@biomejs/cli-linux-x64-musl@1.9.4':
    optional: true

  '@biomejs/cli-linux-x64@1.9.4':
    optional: true

  '@biomejs/cli-win32-arm64@1.9.4':
    optional: true

  '@biomejs/cli-win32-x64@1.9.4':
    optional: true

  '@emnapi/core@1.4.5':
    dependencies:
      '@emnapi/wasi-threads': 1.0.4
      tslib: 2.8.1
    optional: true

  '@emnapi/runtime@1.4.5':
    dependencies:
      tslib: 2.8.1
    optional: true

  '@emnapi/wasi-threads@1.0.4':
    dependencies:
      tslib: 2.8.1
    optional: true

  '@jridgewell/sourcemap-codec@1.5.0': {}

  '@module-federation/error-codes@0.17.0': {}

  '@module-federation/error-codes@0.17.1': {}

  '@module-federation/runtime-core@0.17.0':
    dependencies:
      '@module-federation/error-codes': 0.17.0
      '@module-federation/sdk': 0.17.0

  '@module-federation/runtime-core@0.17.1':
    dependencies:
      '@module-federation/error-codes': 0.17.1
      '@module-federation/sdk': 0.17.1

  '@module-federation/runtime-tools@0.17.0':
    dependencies:
      '@module-federation/runtime': 0.17.0
      '@module-federation/webpack-bundler-runtime': 0.17.0

  '@module-federation/runtime-tools@0.17.1':
    dependencies:
      '@module-federation/runtime': 0.17.1
      '@module-federation/webpack-bundler-runtime': 0.17.1

  '@module-federation/runtime@0.17.0':
    dependencies:
      '@module-federation/error-codes': 0.17.0
      '@module-federation/runtime-core': 0.17.0
      '@module-federation/sdk': 0.17.0

  '@module-federation/runtime@0.17.1':
    dependencies:
      '@module-federation/error-codes': 0.17.1
      '@module-federation/runtime-core': 0.17.1
      '@module-federation/sdk': 0.17.1

  '@module-federation/sdk@0.17.0': {}

  '@module-federation/sdk@0.17.1': {}

  '@module-federation/webpack-bundler-runtime@0.17.0':
    dependencies:
      '@module-federation/runtime': 0.17.0
      '@module-federation/sdk': 0.17.0

  '@module-federation/webpack-bundler-runtime@0.17.1':
    dependencies:
      '@module-federation/runtime': 0.17.1
      '@module-federation/sdk': 0.17.1

  '@napi-rs/wasm-runtime@1.0.1':
    dependencies:
      '@emnapi/core': 1.4.5
      '@emnapi/runtime': 1.4.5
      '@tybys/wasm-util': 0.10.0
    optional: true

  '@rsbuild/core@1.4.12':
    dependencies:
      '@rspack/core': 1.4.11(@swc/helpers@0.5.17)
      '@rspack/lite-tapable': 1.0.1
      '@swc/helpers': 0.5.17
      core-js: 3.44.0
      jiti: 2.5.1

  '@rsbuild/core@1.4.9':
    dependencies:
      '@rspack/core': 1.4.9(@swc/helpers@0.5.17)
      '@rspack/lite-tapable': 1.0.1
      '@swc/helpers': 0.5.17
      core-js: 3.44.0
      jiti: 2.4.2

  '@rslib/core@0.11.0(typescript@5.9.2)':
    dependencies:
      '@rsbuild/core': 1.4.12
      rsbuild-plugin-dts: 0.11.0(@rsbuild/core@1.4.12)(typescript@5.9.2)
      tinyglobby: 0.2.14
    optionalDependencies:
      typescript: 5.9.2

  '@rspack/binding-darwin-arm64@1.4.11':
    optional: true

  '@rspack/binding-darwin-arm64@1.4.9':
    optional: true

  '@rspack/binding-darwin-x64@1.4.11':
    optional: true

  '@rspack/binding-darwin-x64@1.4.9':
    optional: true

  '@rspack/binding-linux-arm64-gnu@1.4.11':
    optional: true

  '@rspack/binding-linux-arm64-gnu@1.4.9':
    optional: true

  '@rspack/binding-linux-arm64-musl@1.4.11':
    optional: true

  '@rspack/binding-linux-arm64-musl@1.4.9':
    optional: true

  '@rspack/binding-linux-x64-gnu@1.4.11':
    optional: true

  '@rspack/binding-linux-x64-gnu@1.4.9':
    optional: true

  '@rspack/binding-linux-x64-musl@1.4.11':
    optional: true

  '@rspack/binding-linux-x64-musl@1.4.9':
    optional: true

  '@rspack/binding-wasm32-wasi@1.4.11':
    dependencies:
      '@napi-rs/wasm-runtime': 1.0.1
    optional: true

  '@rspack/binding-wasm32-wasi@1.4.9':
    dependencies:
      '@napi-rs/wasm-runtime': 1.0.1
    optional: true

  '@rspack/binding-win32-arm64-msvc@1.4.11':
    optional: true

  '@rspack/binding-win32-arm64-msvc@1.4.9':
    optional: true

  '@rspack/binding-win32-ia32-msvc@1.4.11':
    optional: true

  '@rspack/binding-win32-ia32-msvc@1.4.9':
    optional: true

  '@rspack/binding-win32-x64-msvc@1.4.11':
    optional: true

  '@rspack/binding-win32-x64-msvc@1.4.9':
    optional: true

  '@rspack/binding@1.4.11':
    optionalDependencies:
      '@rspack/binding-darwin-arm64': 1.4.11
      '@rspack/binding-darwin-x64': 1.4.11
      '@rspack/binding-linux-arm64-gnu': 1.4.11
      '@rspack/binding-linux-arm64-musl': 1.4.11
      '@rspack/binding-linux-x64-gnu': 1.4.11
      '@rspack/binding-linux-x64-musl': 1.4.11
      '@rspack/binding-wasm32-wasi': 1.4.11
      '@rspack/binding-win32-arm64-msvc': 1.4.11
      '@rspack/binding-win32-ia32-msvc': 1.4.11
      '@rspack/binding-win32-x64-msvc': 1.4.11

  '@rspack/binding@1.4.9':
    optionalDependencies:
      '@rspack/binding-darwin-arm64': 1.4.9
      '@rspack/binding-darwin-x64': 1.4.9
      '@rspack/binding-linux-arm64-gnu': 1.4.9
      '@rspack/binding-linux-arm64-musl': 1.4.9
      '@rspack/binding-linux-x64-gnu': 1.4.9
      '@rspack/binding-linux-x64-musl': 1.4.9
      '@rspack/binding-wasm32-wasi': 1.4.9
      '@rspack/binding-win32-arm64-msvc': 1.4.9
      '@rspack/binding-win32-ia32-msvc': 1.4.9
      '@rspack/binding-win32-x64-msvc': 1.4.9

  '@rspack/core@1.4.11(@swc/helpers@0.5.17)':
    dependencies:
      '@module-federation/runtime-tools': 0.17.1
      '@rspack/binding': 1.4.11
      '@rspack/lite-tapable': 1.0.1
    optionalDependencies:
      '@swc/helpers': 0.5.17

  '@rspack/core@1.4.9(@swc/helpers@0.5.17)':
    dependencies:
      '@module-federation/runtime-tools': 0.17.0
      '@rspack/binding': 1.4.9
      '@rspack/lite-tapable': 1.0.1
    optionalDependencies:
      '@swc/helpers': 0.5.17

  '@rspack/lite-tapable@1.0.1': {}

  '@rstest/core@0.0.10':
    dependencies:
      '@rsbuild/core': 1.4.9
      '@types/chai': 5.2.2
      '@vitest/expect': 3.2.4
      '@vitest/snapshot': 3.2.4
      birpc: 2.5.0
      chai: 5.2.1
      pathe: 2.0.3
      std-env: 3.9.0
      tinypool: 1.1.1

  '@swc/helpers@0.5.17':
    dependencies:
      tslib: 2.8.1

  '@tybys/wasm-util@0.10.0':
    dependencies:
      tslib: 2.8.1
    optional: true

  '@types/chai@5.2.2':
    dependencies:
      '@types/deep-eql': 4.0.2

  '@types/deep-eql@4.0.2': {}

  '@types/node@22.17.0':
    dependencies:
      undici-types: 6.21.0

  '@vitest/expect@3.2.4':
    dependencies:
      '@types/chai': 5.2.2
      '@vitest/spy': 3.2.4
      '@vitest/utils': 3.2.4
      chai: 5.2.1
      tinyrainbow: 2.0.0

  '@vitest/pretty-format@3.2.4':
    dependencies:
      tinyrainbow: 2.0.0

  '@vitest/snapshot@3.2.4':
    dependencies:
      '@vitest/pretty-format': 3.2.4
      magic-string: 0.30.17
      pathe: 2.0.3

  '@vitest/spy@3.2.4':
    dependencies:
      tinyspy: 4.0.3

  '@vitest/utils@3.2.4':
    dependencies:
      '@vitest/pretty-format': 3.2.4
      loupe: 3.1.4
      tinyrainbow: 2.0.0

  assertion-error@2.0.1: {}

  birpc@2.5.0: {}

  chai@5.2.1:
    dependencies:
      assertion-error: 2.0.1
      check-error: 2.1.1
      deep-eql: 5.0.2
      loupe: 3.1.4
      pathval: 2.0.0

  check-error@2.1.1: {}

  core-js@3.44.0: {}

  deep-eql@5.0.2: {}

  fdir@6.4.4(picomatch@4.0.2):
    optionalDependencies:
      picomatch: 4.0.2

  jiti@2.4.2: {}

  jiti@2.5.1: {}

  json5@2.2.3: {}

  loupe@3.1.4: {}

  magic-string@0.30.17:
    dependencies:
      '@jridgewell/sourcemap-codec': 1.5.0

  minimist@1.2.8: {}

  nano-staged@0.8.0:
    dependencies:
      picocolors: 1.0.0

  pathe@2.0.3: {}

  pathval@2.0.0: {}

  picocolors@1.0.0: {}

  picocolors@1.1.1: {}

  picomatch@4.0.2: {}

  rsbuild-plugin-dts@0.11.0(@rsbuild/core@1.4.12)(typescript@5.9.2):
    dependencies:
      '@ast-grep/napi': 0.37.0
      '@rsbuild/core': 1.4.12
      magic-string: 0.30.17
      picocolors: 1.1.1
      tinyglobby: 0.2.14
      tsconfig-paths: 4.2.0
    optionalDependencies:
      typescript: 5.9.2

  simple-git-hooks@2.13.1: {}

  std-env@3.9.0: {}

  strip-bom@3.0.0: {}

  tinyglobby@0.2.14:
    dependencies:
      fdir: 6.4.4(picomatch@4.0.2)
      picomatch: 4.0.2

  tinypool@1.1.1: {}

  tinyrainbow@2.0.0: {}

  tinyspy@4.0.3: {}

  tsconfig-paths@4.2.0:
    dependencies:
      json5: 2.2.3
      minimist: 1.2.8
      strip-bom: 3.0.0

  tslib@2.8.1: {}

  typescript@5.9.2: {}

  undici-types@6.21.0: {}
